
Microsoft Visual Studio Solution File, Format Version 12.00
# Visual Studio 15
Project("{FAE04EC0-301F-11D3-BF4B-00C04F79EFBC}") = "stack", "stack\stack.csproj", "{975DBACF-6130-4F9D-870A-9E0A94FB61DA}"
EndProject
Project("{FAE04EC0-301F-11D3-BF4B-00C04F79EFBC}") = "stack.tests", "stack.tests\stack.tests.csproj", "{19CCC1FE-7594-435A-A516-2CA140B8F326}"
EndProject
Global
	GlobalSection(SolutionConfigurationPlatforms) = preSolution
		Debug|Any CPU = Debug|Any CPU
		Release|Any CPU = Release|Any CPU
	EndGlobalSection
	GlobalSection(ProjectConfigurationPlatforms) = postSolution
		{975DBACF-6130-4F9D-870A-9E0A94FB61DA}.Debug|Any CPU.ActiveCfg = Debug|Any CPU
		{975DBACF-6130-4F9D-870A-9E0A94FB61DA}.Debug|Any CPU.Build.0 = Debug|Any CPU
		{975DBACF-6130-4F9D-870A-9E0A94FB61DA}.Release|Any CPU.ActiveCfg = Release|Any CPU
		{975DBACF-6130-4F9D-870A-9E0A94FB61DA}.Release|Any CPU.Build.0 = Release|Any CPU
		{19CCC1FE-7594-435A-A516-2CA140B8F326}.Debug|Any CPU.ActiveCfg = Debug|Any CPU
		{19CCC1FE-7594-435A-A516-2CA140B8F326}.Debug|Any CPU.Build.0 = Debug|Any CPU
		{19CCC1FE-7594-435A-A516-2CA140B8F326}.Release|Any CPU.ActiveCfg = Release|Any CPU
		{19CCC1FE-7594-435A-A516-2CA140B8F326}.Release|Any CPU.Build.0 = Release|Any CPU
	EndGlobalSection
EndGlobal
